
Microsoft Visual Studio Solution File, Format Version 12.00
# Visual Studio Version 17
VisualStudioVersion = 17.13.35931.197 d17.13
MinimumVisualStudioVersion = 10.0.40219.1
Project("{FAE04EC0-301F-11D3-BF4B-00C04F79EFBC}") = "API-Rest-NET-CleanArchitecture-EntityFramework", "API-Rest-NET-CleanArchitecture-EntityFramework\API-Rest-NET-CleanArchitecture-EntityFramework.csproj", "{3DC7369A-404A-435E-A3A2-08F99B0D1033}"
EndProject
Project("{FAE04EC0-301F-11D3-BF4B-00C04F79EFBC}") = "Domain", "Domain\Domain.csproj", "{A7895B27-687F-445D-B487-91F802C217A5}"
EndProject
Project("{FAE04EC0-301F-11D3-BF4B-00C04F79EFBC}") = "Repositories", "Repositories\Repositories.csproj", "{A0FCFF01-9E3D-47AA-B7A5-330619638612}"
EndProject
Project("{FAE04EC0-301F-11D3-BF4B-00C04F79EFBC}") = "Models", "Models\Models.csproj", "{F4096556-FF8E-4CE5-B5DB-4B237D599F13}"
EndProject
Project("{FAE04EC0-301F-11D3-BF4B-00C04F79EFBC}") = "Tests", "Tests\Tests.csproj", "{E2670970-F866-46FA-AE90-29974085F2F7}"
EndProject
Global
	GlobalSection(SolutionConfigurationPlatforms) = preSolution
		Debug|Any CPU = Debug|Any CPU
		Release|Any CPU = Release|Any CPU
	EndGlobalSection
	GlobalSection(ProjectConfigurationPlatforms) = postSolution
		{3DC7369A-404A-435E-A3A2-08F99B0D1033}.Debug|Any CPU.ActiveCfg = Debug|Any CPU
		{3DC7369A-404A-435E-A3A2-08F99B0D1033}.Debug|Any CPU.Build.0 = Debug|Any CPU
		{3DC7369A-404A-435E-A3A2-08F99B0D1033}.Release|Any CPU.ActiveCfg = Release|Any CPU
		{3DC7369A-404A-435E-A3A2-08F99B0D1033}.Release|Any CPU.Build.0 = Release|Any CPU
		{A7895B27-687F-445D-B487-91F802C217A5}.Debug|Any CPU.ActiveCfg = Debug|Any CPU
		{A7895B27-687F-445D-B487-91F802C217A5}.Debug|Any CPU.Build.0 = Debug|Any CPU
		{A7895B27-687F-445D-B487-91F802C217A5}.Release|Any CPU.ActiveCfg = Release|Any CPU
		{A7895B27-687F-445D-B487-91F802C217A5}.Release|Any CPU.Build.0 = Release|Any CPU
		{A0FCFF01-9E3D-47AA-B7A5-330619638612}.Debug|Any CPU.ActiveCfg = Debug|Any CPU
		{A0FCFF01-9E3D-47AA-B7A5-330619638612}.Debug|Any CPU.Build.0 = Debug|Any CPU
		{A0FCFF01-9E3D-47AA-B7A5-330619638612}.Release|Any CPU.ActiveCfg = Release|Any CPU
		{A0FCFF01-9E3D-47AA-B7A5-330619638612}.Release|Any CPU.Build.0 = Release|Any CPU
		{F4096556-FF8E-4CE5-B5DB-4B237D599F13}.Debug|Any CPU.ActiveCfg = Debug|Any CPU
		{F4096556-FF8E-4CE5-B5DB-4B237D599F13}.Debug|Any CPU.Build.0 = Debug|Any CPU
		{F4096556-FF8E-4CE5-B5DB-4B237D599F13}.Release|Any CPU.ActiveCfg = Release|Any CPU
		{F4096556-FF8E-4CE5-B5DB-4B237D599F13}.Release|Any CPU.Build.0 = Release|Any CPU
		{E2670970-F866-46FA-AE90-29974085F2F7}.Debug|Any CPU.ActiveCfg = Debug|Any CPU
		{E2670970-F866-46FA-AE90-29974085F2F7}.Debug|Any CPU.Build.0 = Debug|Any CPU
		{E2670970-F866-46FA-AE90-29974085F2F7}.Release|Any CPU.ActiveCfg = Release|Any CPU
		{E2670970-F866-46FA-AE90-29974085F2F7}.Release|Any CPU.Build.0 = Release|Any CPU
	EndGlobalSection
	GlobalSection(SolutionProperties) = preSolution
		HideSolutionNode = FALSE
	EndGlobalSection
	GlobalSection(ExtensibilityGlobals) = postSolution
		SolutionGuid = {BC0372E9-3984-43AD-B0B8-A9F3B65FA3D3}
	EndGlobalSection
EndGlobal
